
Microsoft Visual Studio Solution File, Format Version 12.00
# Visual Studio Version 16
VisualStudioVersion = 16.0.29418.71
MinimumVisualStudioVersion = 10.0.40219.1
Project("{9A19103F-16F7-4668-BE54-9A1E7A4F7556}") = "BlazorServerJWTAuth", "BlazorServerJWTAuth\BlazorServerJWTAuth.csproj", "{A2E5CEB4-65A4-4D3A-9EB6-BA07D19668E9}"
EndProject
Global
	GlobalSection(SolutionConfigurationPlatforms) = preSolution
		Debug|Any CPU = Debug|Any CPU
		Release|Any CPU = Release|Any CPU
	EndGlobalSection
	GlobalSection(ProjectConfigurationPlatforms) = postSolution
		{A2E5CEB4-65A4-4D3A-9EB6-BA07D19668E9}.Debug|Any CPU.ActiveCfg = Debug|Any CPU
		{A2E5CEB4-65A4-4D3A-9EB6-BA07D19668E9}.Debug|Any CPU.Build.0 = Debug|Any CPU
		{A2E5CEB4-65A4-4D3A-9EB6-BA07D19668E9}.Release|Any CPU.ActiveCfg = Release|Any CPU
		{A2E5CEB4-65A4-4D3A-9EB6-BA07D19668E9}.Release|Any CPU.Build.0 = Release|Any CPU
	EndGlobalSection
	GlobalSection(SolutionProperties) = preSolution
		HideSolutionNode = FALSE
	EndGlobalSection
	GlobalSection(ExtensibilityGlobals) = postSolution
		SolutionGuid = {E68021E2-886B-4816-8BEE-DD3FC6ABD6B7}
	EndGlobalSection
EndGlobal
